
Microsoft Visual Studio Solution File, Format Version 12.00
# Visual Studio Version 17
VisualStudioVersion = 17.8.34525.116
MinimumVisualStudioVersion = 10.0.40219.1
Project("{FAE04EC0-301F-11D3-BF4B-00C04F79EFBC}") = "Cinema", "Cinema\Cinema.csproj", "{4BEEF186-BE68-4D55-B350-F00BC14F36BD}"
EndProject
Global
	GlobalSection(SolutionConfigurationPlatforms) = preSolution
		Debug|Any CPU = Debug|Any CPU
		Release|Any CPU = Release|Any CPU
	EndGlobalSection
	GlobalSection(ProjectConfigurationPlatforms) = postSolution
		{4BEEF186-BE68-4D55-B350-F00BC14F36BD}.Debug|Any CPU.ActiveCfg = Debug|Any CPU
		{4BEEF186-BE68-4D55-B350-F00BC14F36BD}.Debug|Any CPU.Build.0 = Debug|Any CPU
		{4BEEF186-BE68-4D55-B350-F00BC14F36BD}.Release|Any CPU.ActiveCfg = Release|Any CPU
		{4BEEF186-BE68-4D55-B350-F00BC14F36BD}.Release|Any CPU.Build.0 = Release|Any CPU
	EndGlobalSection
	GlobalSection(SolutionProperties) = preSolution
		HideSolutionNode = FALSE
	EndGlobalSection
	GlobalSection(ExtensibilityGlobals) = postSolution
		SolutionGuid = {86DB9FF6-C3C3-4269-9C22-567B4581E3FE}
	EndGlobalSection
EndGlobal
